
Microsoft Visual Studio Solution File, Format Version 12.00
# Visual Studio Version 16
VisualStudioVersion = 16.0.29123.88
MinimumVisualStudioVersion = 10.0.40219.1
Project("{FAE04EC0-301F-11D3-BF4B-00C04F79EFBC}") = "WebAppMmassImport", "WebAppMmassImport\WebAppMmassImport.csproj", "{F42A5350-89AF-4122-8371-8E6D10501A98}"
EndProject
Project("{FAE04EC0-301F-11D3-BF4B-00C04F79EFBC}") = "FormCargaOP", "FormCargaOP\FormCargaOP.csproj", "{42037FFE-656D-4C08-B3D8-31E60A7D7866}"
	ProjectSection(ProjectDependencies) = postProject
		{F42A5350-89AF-4122-8371-8E6D10501A98} = {F42A5350-89AF-4122-8371-8E6D10501A98}
	EndProjectSection
EndProject
Global
	GlobalSection(SolutionConfigurationPlatforms) = preSolution
		Debug|Any CPU = Debug|Any CPU
		Release|Any CPU = Release|Any CPU
	EndGlobalSection
	GlobalSection(ProjectConfigurationPlatforms) = postSolution
		{F42A5350-89AF-4122-8371-8E6D10501A98}.Debug|Any CPU.ActiveCfg = Debug|Any CPU
		{F42A5350-89AF-4122-8371-8E6D10501A98}.Debug|Any CPU.Build.0 = Debug|Any CPU
		{F42A5350-89AF-4122-8371-8E6D10501A98}.Release|Any CPU.ActiveCfg = Release|Any CPU
		{F42A5350-89AF-4122-8371-8E6D10501A98}.Release|Any CPU.Build.0 = Release|Any CPU
		{42037FFE-656D-4C08-B3D8-31E60A7D7866}.Debug|Any CPU.ActiveCfg = Debug|Any CPU
		{42037FFE-656D-4C08-B3D8-31E60A7D7866}.Debug|Any CPU.Build.0 = Debug|Any CPU
		{42037FFE-656D-4C08-B3D8-31E60A7D7866}.Release|Any CPU.ActiveCfg = Release|Any CPU
		{42037FFE-656D-4C08-B3D8-31E60A7D7866}.Release|Any CPU.Build.0 = Release|Any CPU
	EndGlobalSection
	GlobalSection(SolutionProperties) = preSolution
		HideSolutionNode = FALSE
	EndGlobalSection
	GlobalSection(ExtensibilityGlobals) = postSolution
		SolutionGuid = {4421F53F-3723-47FB-9809-F2EB6DA5AA7F}
	EndGlobalSection
EndGlobal
